
Microsoft Visual Studio Solution File, Format Version 12.00
Project("{FAE04EC0-301F-11D3-BF4B-00C04F79EFBC}") = "AdventOfCode", "AdventOfCode\AdventOfCode.csproj", "{D112BD04-AFEB-46C4-90D0-2B730E5446FD}"
EndProject
Global
	GlobalSection(SolutionConfigurationPlatforms) = preSolution
		Debug|Any CPU = Debug|Any CPU
		Release|Any CPU = Release|Any CPU
	EndGlobalSection
	GlobalSection(ProjectConfigurationPlatforms) = postSolution
		{D112BD04-AFEB-46C4-90D0-2B730E5446FD}.Debug|Any CPU.ActiveCfg = Debug|Any CPU
		{D112BD04-AFEB-46C4-90D0-2B730E5446FD}.Debug|Any CPU.Build.0 = Debug|Any CPU
		{D112BD04-AFEB-46C4-90D0-2B730E5446FD}.Release|Any CPU.ActiveCfg = Release|Any CPU
		{D112BD04-AFEB-46C4-90D0-2B730E5446FD}.Release|Any CPU.Build.0 = Release|Any CPU
	EndGlobalSection
EndGlobal
